
Microsoft Visual Studio Solution File, Format Version 12.00
# Visual Studio Version 17
VisualStudioVersion = 17.4.33205.214
MinimumVisualStudioVersion = 10.0.40219.1
Project("{FAE04EC0-301F-11D3-BF4B-00C04F79EFBC}") = "YourLook", "YourLook.csproj", "{7CEFA92D-404D-426B-88A2-7C3DC1F2E75E}"
EndProject
Global
	GlobalSection(SolutionConfigurationPlatforms) = preSolution
		Debug|Any CPU = Debug|Any CPU
		Release|Any CPU = Release|Any CPU
	EndGlobalSection
	GlobalSection(ProjectConfigurationPlatforms) = postSolution
		{7CEFA92D-404D-426B-88A2-7C3DC1F2E75E}.Debug|Any CPU.ActiveCfg = Debug|Any CPU
		{7CEFA92D-404D-426B-88A2-7C3DC1F2E75E}.Debug|Any CPU.Build.0 = Debug|Any CPU
		{7CEFA92D-404D-426B-88A2-7C3DC1F2E75E}.Release|Any CPU.ActiveCfg = Release|Any CPU
		{7CEFA92D-404D-426B-88A2-7C3DC1F2E75E}.Release|Any CPU.Build.0 = Release|Any CPU
	EndGlobalSection
	GlobalSection(SolutionProperties) = preSolution
		HideSolutionNode = FALSE
	EndGlobalSection
	GlobalSection(ExtensibilityGlobals) = postSolution
		SolutionGuid = {31290D59-5D7F-4443-A6EB-3060B30AC230}
	EndGlobalSection
EndGlobal
