
Microsoft Visual Studio Solution File, Format Version 12.00
# Visual Studio Version 16
VisualStudioVersion = 16.0.33027.164
MinimumVisualStudioVersion = 10.0.40219.1
Project("{FAE04EC0-301F-11D3-BF4B-00C04F79EFBC}") = "ContactApplication", "ContactApplication.csproj", "{90A66365-09D9-4B30-8DF3-FDAE734451EF}"
EndProject
Global
	GlobalSection(SolutionConfigurationPlatforms) = preSolution
		Debug|Any CPU = Debug|Any CPU
		Release|Any CPU = Release|Any CPU
	EndGlobalSection
	GlobalSection(ProjectConfigurationPlatforms) = postSolution
		{90A66365-09D9-4B30-8DF3-FDAE734451EF}.Debug|Any CPU.ActiveCfg = Debug|Any CPU
		{90A66365-09D9-4B30-8DF3-FDAE734451EF}.Debug|Any CPU.Build.0 = Debug|Any CPU
		{90A66365-09D9-4B30-8DF3-FDAE734451EF}.Release|Any CPU.ActiveCfg = Release|Any CPU
		{90A66365-09D9-4B30-8DF3-FDAE734451EF}.Release|Any CPU.Build.0 = Release|Any CPU
	EndGlobalSection
	GlobalSection(SolutionProperties) = preSolution
		HideSolutionNode = FALSE
	EndGlobalSection
	GlobalSection(ExtensibilityGlobals) = postSolution
		SolutionGuid = {7629AFC4-B751-419F-9AAA-1C7E1C2CCEA6}
	EndGlobalSection
EndGlobal
